
Microsoft Visual Studio Solution File, Format Version 12.00
# Visual Studio 14
VisualStudioVersion = 14.0.23107.0
MinimumVisualStudioVersion = 10.0.40219.1
Project("{F184B08F-C81C-45F6-A57F-5ABD9991F28F}") = "BagOfTiles", "BagOfTiles\BagOfTiles.vbproj", "{86F471EA-A0DD-4C80-BA7E-5A8DB77729F5}"
EndProject
Global
	GlobalSection(SolutionConfigurationPlatforms) = preSolution
		Debug|Any CPU = Debug|Any CPU
		Release|Any CPU = Release|Any CPU
	EndGlobalSection
	GlobalSection(ProjectConfigurationPlatforms) = postSolution
		{86F471EA-A0DD-4C80-BA7E-5A8DB77729F5}.Debug|Any CPU.ActiveCfg = Debug|Any CPU
		{86F471EA-A0DD-4C80-BA7E-5A8DB77729F5}.Debug|Any CPU.Build.0 = Debug|Any CPU
		{86F471EA-A0DD-4C80-BA7E-5A8DB77729F5}.Release|Any CPU.ActiveCfg = Release|Any CPU
		{86F471EA-A0DD-4C80-BA7E-5A8DB77729F5}.Release|Any CPU.Build.0 = Release|Any CPU
	EndGlobalSection
	GlobalSection(SolutionProperties) = preSolution
		HideSolutionNode = FALSE
	EndGlobalSection
EndGlobal
